
Microsoft Visual Studio Solution File, Format Version 12.00
# Visual Studio 2013
VisualStudioVersion = 12.0.30501.0
MinimumVisualStudioVersion = 10.0.40219.1
Project("{FAE04EC0-301F-11D3-BF4B-00C04F79EFBC}") = "HopeBus", "HopeBus\HopeBus.csproj", "{B73395A0-116E-4202-BA7B-D872D24ED872}"
EndProject
Project("{2150E333-8FDC-42A3-9474-1A3956D46DE8}") = "Script Sql", "Script Sql", "{783B135B-5707-4533-ABF7-0A86D4713420}"
	ProjectSection(SolutionItems) = preProject
		dumpBase.sql = dumpBase.sql
	EndProjectSection
EndProject
Global
	GlobalSection(SolutionConfigurationPlatforms) = preSolution
		Debug|Any CPU = Debug|Any CPU
		Release|Any CPU = Release|Any CPU
	EndGlobalSection
	GlobalSection(ProjectConfigurationPlatforms) = postSolution
		{B73395A0-116E-4202-BA7B-D872D24ED872}.Debug|Any CPU.ActiveCfg = Debug|Any CPU
		{B73395A0-116E-4202-BA7B-D872D24ED872}.Debug|Any CPU.Build.0 = Debug|Any CPU
		{B73395A0-116E-4202-BA7B-D872D24ED872}.Release|Any CPU.ActiveCfg = Release|Any CPU
		{B73395A0-116E-4202-BA7B-D872D24ED872}.Release|Any CPU.Build.0 = Release|Any CPU
	EndGlobalSection
	GlobalSection(SolutionProperties) = preSolution
		HideSolutionNode = FALSE
	EndGlobalSection
EndGlobal
